version = 1
requires-python = ">=3.10"

[[package]]
name = "warehouse_env"
version = "0.1.0"
source = { editable = "." }
dependencies = [
  { name = "fastapi" },
  { name = "uvicorn" },
  { name = "pydantic" },
  { name = "httpx" },
  { name = "openenv-core" },
  { name = "gradio" },
  { name = "openai" },
]
